
Microsoft Visual Studio Solution File, Format Version 12.00
# Visual Studio 15
VisualStudioVersion = 15.0.27703.2042
MinimumVisualStudioVersion = 10.0.40219.1
Project("{FAE04EC0-301F-11D3-BF4B-00C04F79EFBC}") = "HakarusKoradProgrammer", "HakarusKoradProgrammer\HakarusKoradProgrammer.csproj", "{499CF094-B92A-4839-A4EB-5BD215B1AB36}"
EndProject
Project("{2150E333-8FDC-42A3-9474-1A3956D46DE8}") = "Solution Items", "Solution Items", "{FCBA953B-A433-4A9B-A6FF-CEE162381328}"
	ProjectSection(SolutionItems) = preProject
		LICENSE = LICENSE
		README.md = README.md
	EndProjectSection
EndProject
Global
	GlobalSection(SolutionConfigurationPlatforms) = preSolution
		Debug|Any CPU = Debug|Any CPU
		Release|Any CPU = Release|Any CPU
	EndGlobalSection
	GlobalSection(ProjectConfigurationPlatforms) = postSolution
		{499CF094-B92A-4839-A4EB-5BD215B1AB36}.Debug|Any CPU.ActiveCfg = Debug|Any CPU
		{499CF094-B92A-4839-A4EB-5BD215B1AB36}.Debug|Any CPU.Build.0 = Debug|Any CPU
		{499CF094-B92A-4839-A4EB-5BD215B1AB36}.Release|Any CPU.ActiveCfg = Release|Any CPU
		{499CF094-B92A-4839-A4EB-5BD215B1AB36}.Release|Any CPU.Build.0 = Release|Any CPU
	EndGlobalSection
	GlobalSection(SolutionProperties) = preSolution
		HideSolutionNode = FALSE
	EndGlobalSection
	GlobalSection(ExtensibilityGlobals) = postSolution
		SolutionGuid = {276FAED6-16B1-469D-A1F0-212A864C39FE}
	EndGlobalSection
EndGlobal
